
Microsoft Visual Studio Solution File, Format Version 12.00
# Visual Studio Version 16
VisualStudioVersion = 16.0.28803.452
MinimumVisualStudioVersion = 10.0.40219.1
Project("{888888A0-9F3D-457C-B088-3A5042F75D52}") = "FlaskWebProject1", "FlaskWebProject1\FlaskWebProject1.pyproj", "{192F2549-2A21-4AB8-A444-B8F2797C4B20}"
EndProject
Global
	GlobalSection(SolutionConfigurationPlatforms) = preSolution
		Debug|Any CPU = Debug|Any CPU
		Release|Any CPU = Release|Any CPU
	EndGlobalSection
	GlobalSection(ProjectConfigurationPlatforms) = postSolution
		{192F2549-2A21-4AB8-A444-B8F2797C4B20}.Debug|Any CPU.ActiveCfg = Debug|Any CPU
		{192F2549-2A21-4AB8-A444-B8F2797C4B20}.Debug|Any CPU.Build.0 = Debug|Any CPU
		{192F2549-2A21-4AB8-A444-B8F2797C4B20}.Release|Any CPU.ActiveCfg = Release|Any CPU
		{192F2549-2A21-4AB8-A444-B8F2797C4B20}.Release|Any CPU.Build.0 = Release|Any CPU
	EndGlobalSection
	GlobalSection(SolutionProperties) = preSolution
		HideSolutionNode = FALSE
	EndGlobalSection
	GlobalSection(ExtensibilityGlobals) = postSolution
		SolutionGuid = {7CC56982-515C-4BE3-9941-CF7922BDDDF3}
	EndGlobalSection
EndGlobal
